
Microsoft Visual Studio Solution File, Format Version 12.00
# Visual Studio Version 17
VisualStudioVersion = 17.0.31903.59
MinimumVisualStudioVersion = 10.0.40219.1
Project("{FAE04EC0-301F-11D3-BF4B-00C04F79EFBC}") = "API", "API\API.csproj", "{5F77AAAC-4704-471B-8C47-FCBBCA5D8236}"
EndProject
Project("{FAE04EC0-301F-11D3-BF4B-00C04F79EFBC}") = "Infrastructure", "Infrastructure\Infrastructure.csproj", "{16E2B4FC-E218-4D51-B83D-F85DC1960419}"
EndProject
Global
	GlobalSection(SolutionConfigurationPlatforms) = preSolution
		Debug|Any CPU = Debug|Any CPU
		Release|Any CPU = Release|Any CPU
	EndGlobalSection
	GlobalSection(SolutionProperties) = preSolution
		HideSolutionNode = FALSE
	EndGlobalSection
	GlobalSection(ProjectConfigurationPlatforms) = postSolution
		{5F77AAAC-4704-471B-8C47-FCBBCA5D8236}.Debug|Any CPU.ActiveCfg = Debug|Any CPU
		{5F77AAAC-4704-471B-8C47-FCBBCA5D8236}.Debug|Any CPU.Build.0 = Debug|Any CPU
		{5F77AAAC-4704-471B-8C47-FCBBCA5D8236}.Release|Any CPU.ActiveCfg = Release|Any CPU
		{5F77AAAC-4704-471B-8C47-FCBBCA5D8236}.Release|Any CPU.Build.0 = Release|Any CPU
		{16E2B4FC-E218-4D51-B83D-F85DC1960419}.Debug|Any CPU.ActiveCfg = Debug|Any CPU
		{16E2B4FC-E218-4D51-B83D-F85DC1960419}.Debug|Any CPU.Build.0 = Debug|Any CPU
		{16E2B4FC-E218-4D51-B83D-F85DC1960419}.Release|Any CPU.ActiveCfg = Release|Any CPU
		{16E2B4FC-E218-4D51-B83D-F85DC1960419}.Release|Any CPU.Build.0 = Release|Any CPU
	EndGlobalSection
EndGlobal
